
Microsoft Visual Studio Solution File, Format Version 12.00
# Visual Studio Version 17
VisualStudioVersion = 17.3.32929.385
MinimumVisualStudioVersion = 10.0.40219.1
Project("{FAE04EC0-301F-11D3-BF4B-00C04F79EFBC}") = "MVCConAzure", "MVCConAzure.csproj", "{BA5EDF4E-A9B7-41FC-A702-1E30206445ED}"
EndProject
Global
	GlobalSection(SolutionConfigurationPlatforms) = preSolution
		Debug|Any CPU = Debug|Any CPU
		Release|Any CPU = Release|Any CPU
	EndGlobalSection
	GlobalSection(ProjectConfigurationPlatforms) = postSolution
		{BA5EDF4E-A9B7-41FC-A702-1E30206445ED}.Debug|Any CPU.ActiveCfg = Debug|Any CPU
		{BA5EDF4E-A9B7-41FC-A702-1E30206445ED}.Debug|Any CPU.Build.0 = Debug|Any CPU
		{BA5EDF4E-A9B7-41FC-A702-1E30206445ED}.Release|Any CPU.ActiveCfg = Release|Any CPU
		{BA5EDF4E-A9B7-41FC-A702-1E30206445ED}.Release|Any CPU.Build.0 = Release|Any CPU
	EndGlobalSection
	GlobalSection(SolutionProperties) = preSolution
		HideSolutionNode = FALSE
	EndGlobalSection
	GlobalSection(ExtensibilityGlobals) = postSolution
		SolutionGuid = {22A495B2-6AEB-4CCA-A677-37DCD07070A9}
	EndGlobalSection
EndGlobal
